
Microsoft Visual Studio Solution File, Format Version 12.00
# Visual Studio Version 17
VisualStudioVersion = 17.2.32616.157
MinimumVisualStudioVersion = 10.0.40219.1
Project("{FAE04EC0-301F-11D3-BF4B-00C04F79EFBC}") = "EstacionamientoMedido", "EstacionamientoMedido\EstacionamientoMedido.csproj", "{929D6BCE-284A-45D6-9C5B-7E0CDEA4C68D}"
EndProject
Global
	GlobalSection(SolutionConfigurationPlatforms) = preSolution
		Debug|Any CPU = Debug|Any CPU
		Release|Any CPU = Release|Any CPU
	EndGlobalSection
	GlobalSection(ProjectConfigurationPlatforms) = postSolution
		{929D6BCE-284A-45D6-9C5B-7E0CDEA4C68D}.Debug|Any CPU.ActiveCfg = Debug|Any CPU
		{929D6BCE-284A-45D6-9C5B-7E0CDEA4C68D}.Debug|Any CPU.Build.0 = Debug|Any CPU
		{929D6BCE-284A-45D6-9C5B-7E0CDEA4C68D}.Release|Any CPU.ActiveCfg = Release|Any CPU
		{929D6BCE-284A-45D6-9C5B-7E0CDEA4C68D}.Release|Any CPU.Build.0 = Release|Any CPU
	EndGlobalSection
	GlobalSection(SolutionProperties) = preSolution
		HideSolutionNode = FALSE
	EndGlobalSection
	GlobalSection(ExtensibilityGlobals) = postSolution
		SolutionGuid = {43C66A13-6368-4B45-A0CE-EBB5E7820E54}
	EndGlobalSection
EndGlobal
